
Microsoft Visual Studio Solution File, Format Version 12.00
# Visual Studio 15
VisualStudioVersion = 15.0.27130.2010
MinimumVisualStudioVersion = 10.0.40219.1
Project("{8BC9CEB8-8B4A-11D0-8D11-00A0C91BC942}") = "Room503_CL", "Room503_CL.vcxproj", "{5F324279-99E3-42EC-BA0C-6D145C7D45ED}"
EndProject
Global
	GlobalSection(SolutionConfigurationPlatforms) = preSolution
		Debug|x64 = Debug|x64
		Debug|x86 = Debug|x86
		Release|x64 = Release|x64
		Release|x86 = Release|x86
	EndGlobalSection
	GlobalSection(ProjectConfigurationPlatforms) = postSolution
		{5F324279-99E3-42EC-BA0C-6D145C7D45ED}.Debug|x64.ActiveCfg = Debug|x64
		{5F324279-99E3-42EC-BA0C-6D145C7D45ED}.Debug|x64.Build.0 = Debug|x64
		{5F324279-99E3-42EC-BA0C-6D145C7D45ED}.Debug|x86.ActiveCfg = Debug|Win32
		{5F324279-99E3-42EC-BA0C-6D145C7D45ED}.Debug|x86.Build.0 = Debug|Win32
		{5F324279-99E3-42EC-BA0C-6D145C7D45ED}.Release|x64.ActiveCfg = Release|x64
		{5F324279-99E3-42EC-BA0C-6D145C7D45ED}.Release|x64.Build.0 = Release|x64
		{5F324279-99E3-42EC-BA0C-6D145C7D45ED}.Release|x86.ActiveCfg = Release|Win32
		{5F324279-99E3-42EC-BA0C-6D145C7D45ED}.Release|x86.Build.0 = Release|Win32
	EndGlobalSection
	GlobalSection(SolutionProperties) = preSolution
		HideSolutionNode = FALSE
	EndGlobalSection
	GlobalSection(ExtensibilityGlobals) = postSolution
		SolutionGuid = {57AE4E36-5AA3-475D-A871-74CF494DCC3B}
	EndGlobalSection
EndGlobal
