<?xml version="1.0" encoding="utf-8"?>
<Project ToolsVersion="4.0" xmlns="http://schemas.microsoft.com/developer/msbuild/2003">
  <ItemGroup>
    <Filter Include="소스 파일">
      <UniqueIdentifier>{4FC737F1-C7A5-4376-A066-2A32D752A2FF}</UniqueIdentifier>
      <Extensions>cpp;c;cc;cxx;def;odl;idl;hpj;bat;asm;asmx</Extensions>
    </Filter>
    <Filter Include="헤더 파일">
      <UniqueIdentifier>{93995380-89BD-4b04-88EB-625FBE52EBFB}</UniqueIdentifier>
      <Extensions>h;hh;hpp;hxx;hm;inl;inc;xsd</Extensions>
    </Filter>
    <Filter Include="리소스 파일">
      <UniqueIdentifier>{67DA6AB6-F800-4c08-8B7A-83BB121AAD01}</UniqueIdentifier>
      <Extensions>rc;ico;cur;bmp;dlg;rc2;rct;bin;rgs;gif;jpg;jpeg;jpe;resx;tiff;tif;png;wav;mfcribbon-ms</Extensions>
    </Filter>
    <Filter Include="Shader">
      <UniqueIdentifier>{988072ce-5881-4834-a889-661565dda585}</UniqueIdentifier>
    </Filter>
    <Filter Include="Scene">
      <UniqueIdentifier>{3ebc053b-e73a-4f3a-b323-ab670b94e0b7}</UniqueIdentifier>
    </Filter>
  </ItemGroup>
  <ItemGroup>
    <ClCompile Include="BlurFilter.cpp">
      <Filter>소스 파일</Filter>
    </ClCompile>
    <ClCompile Include="Camera.cpp">
      <Filter>소스 파일</Filter>
    </ClCompile>
    <ClCompile Include="d3dUtil.cpp">
      <Filter>소스 파일</Filter>
    </ClCompile>
    <ClCompile Include="DDSTextureLoader.cpp">
      <Filter>소스 파일</Filter>
    </ClCompile>
    <ClCompile Include="FrameResource.cpp">
      <Filter>소스 파일</Filter>
    </ClCompile>
    <ClCompile Include="GameObject.cpp">
      <Filter>소스 파일</Filter>
    </ClCompile>
    <ClCompile Include="GameTimer.cpp">
      <Filter>소스 파일</Filter>
    </ClCompile>
    <ClCompile Include="GeometryGenerator.cpp">
      <Filter>소스 파일</Filter>
    </ClCompile>
    <ClCompile Include="MathHelper.cpp">
      <Filter>소스 파일</Filter>
    </ClCompile>
    <ClCompile Include="RenderTarget.cpp">
      <Filter>소스 파일</Filter>
    </ClCompile>
    <ClCompile Include="SobelFilter.cpp">
      <Filter>소스 파일</Filter>
    </ClCompile>
    <ClCompile Include="SkinnedData.cpp">
      <Filter>소스 파일</Filter>
    </ClCompile>
    <ClCompile Include="ShadowMap.cpp">
      <Filter>소스 파일</Filter>
    </ClCompile>
    <ClCompile Include="Scene01.cpp">
      <Filter>Scene</Filter>
    </ClCompile>
    <ClCompile Include="WaitScene.cpp">
      <Filter>Scene</Filter>
    </ClCompile>
    <ClCompile Include="d3dApp.cpp">
      <Filter>Scene</Filter>
    </ClCompile>
    <ClCompile Include="Main.cpp">
      <Filter>Scene</Filter>
    </ClCompile>
    <ClCompile Include="NetWork.cpp">
      <Filter>소스 파일</Filter>
    </ClCompile>
  </ItemGroup>
  <ItemGroup>
    <ClInclude Include="BlurFilter.h">
      <Filter>헤더 파일</Filter>
    </ClInclude>
    <ClInclude Include="Camera.h">
      <Filter>헤더 파일</Filter>
    </ClInclude>
    <ClInclude Include="d3dUtil.h">
      <Filter>헤더 파일</Filter>
    </ClInclude>
    <ClInclude Include="d3dx12.h">
      <Filter>헤더 파일</Filter>
    </ClInclude>
    <ClInclude Include="DDSTextureLoader.h">
      <Filter>헤더 파일</Filter>
    </ClInclude>
    <ClInclude Include="FrameResource.h">
      <Filter>헤더 파일</Filter>
    </ClInclude>
    <ClInclude Include="GameObject.h">
      <Filter>헤더 파일</Filter>
    </ClInclude>
    <ClInclude Include="GameTimer.h">
      <Filter>헤더 파일</Filter>
    </ClInclude>
    <ClInclude Include="GeometryGenerator.h">
      <Filter>헤더 파일</Filter>
    </ClInclude>
    <ClInclude Include="MathHelper.h">
      <Filter>헤더 파일</Filter>
    </ClInclude>
    <ClInclude Include="RenderTarget.h">
      <Filter>헤더 파일</Filter>
    </ClInclude>
    <ClInclude Include="SobelFilter.h">
      <Filter>헤더 파일</Filter>
    </ClInclude>
    <ClInclude Include="UploadBuffer.h">
      <Filter>헤더 파일</Filter>
    </ClInclude>
    <ClInclude Include="XMHelper12.h">
      <Filter>헤더 파일</Filter>
    </ClInclude>
    <ClInclude Include="SkinnedData.h">
      <Filter>헤더 파일</Filter>
    </ClInclude>
    <ClInclude Include="ShadowMap.h">
      <Filter>헤더 파일</Filter>
    </ClInclude>
    <ClInclude Include="WaitScene.h">
      <Filter>Scene</Filter>
    </ClInclude>
    <ClInclude Include="Scene01.h">
      <Filter>Scene</Filter>
    </ClInclude>
    <ClInclude Include="d3dApp.h">
      <Filter>Scene</Filter>
    </ClInclude>
    <ClInclude Include="NetWork.h">
      <Filter>헤더 파일</Filter>
    </ClInclude>
  </ItemGroup>
  <ItemGroup>
    <FxCompile Include="Shaders\Blur.hlsl">
      <Filter>Shader</Filter>
    </FxCompile>
    <FxCompile Include="Shaders\Composite.hlsl">
      <Filter>Shader</Filter>
    </FxCompile>
    <FxCompile Include="Shaders\Default.hlsl">
      <Filter>Shader</Filter>
    </FxCompile>
    <FxCompile Include="Shaders\LightingUtil.hlsl">
      <Filter>Shader</Filter>
    </FxCompile>
    <FxCompile Include="Shaders\minimap.hlsl">
      <Filter>Shader</Filter>
    </FxCompile>
    <FxCompile Include="Shaders\SkyBox.hlsl">
      <Filter>Shader</Filter>
    </FxCompile>
    <FxCompile Include="Shaders\Sobel.hlsl">
      <Filter>Shader</Filter>
    </FxCompile>
    <FxCompile Include="Shaders\TreeSprite.hlsl">
      <Filter>Shader</Filter>
    </FxCompile>
    <FxCompile Include="Shaders\Common.hlsl">
      <Filter>Shader</Filter>
    </FxCompile>
    <FxCompile Include="Shaders\ShadowDebug.hlsl">
      <Filter>Shader</Filter>
    </FxCompile>
    <FxCompile Include="Shaders\Shadows.hlsl">
      <Filter>Shader</Filter>
    </FxCompile>
    <FxCompile Include="Shaders\Ui.hlsl">
      <Filter>Shader</Filter>
    </FxCompile>
  </ItemGroup>
</Project>